
Microsoft Visual Studio Solution File, Format Version 12.00
# Visual Studio Version 17
VisualStudioVersion = 17.7.34009.444
MinimumVisualStudioVersion = 10.0.40219.1
Project("{FAE04EC0-301F-11D3-BF4B-00C04F79EFBC}") = "HelloWorldBuk", "HelloWorldBuk.csproj", "{D6AB9D62-D0A3-4569-9DA5-8E935B2B396D}"
EndProject
Global
	GlobalSection(SolutionConfigurationPlatforms) = preSolution
		Debug|Any CPU = Debug|Any CPU
		Release|Any CPU = Release|Any CPU
	EndGlobalSection
	GlobalSection(ProjectConfigurationPlatforms) = postSolution
		{D6AB9D62-D0A3-4569-9DA5-8E935B2B396D}.Debug|Any CPU.ActiveCfg = Debug|Any CPU
		{D6AB9D62-D0A3-4569-9DA5-8E935B2B396D}.Debug|Any CPU.Build.0 = Debug|Any CPU
		{D6AB9D62-D0A3-4569-9DA5-8E935B2B396D}.Release|Any CPU.ActiveCfg = Release|Any CPU
		{D6AB9D62-D0A3-4569-9DA5-8E935B2B396D}.Release|Any CPU.Build.0 = Release|Any CPU
	EndGlobalSection
	GlobalSection(SolutionProperties) = preSolution
		HideSolutionNode = FALSE
	EndGlobalSection
	GlobalSection(ExtensibilityGlobals) = postSolution
		SolutionGuid = {4901340E-A098-42EB-B3D7-188989FD2CA7}
	EndGlobalSection
EndGlobal
